PODS:
  - Bolts (1.8.4):
    - Bolts/AppLinks (= 1.8.4)
    - Bolts/Tasks (= 1.8.4)
  - Bolts/AppLinks (1.8.4):
    - Bolts/Tasks
  - Bolts/Tasks (1.8.4)
  - FBSDKCoreKit (4.15.1):
    - Bolts (~> 1.7)
  - FBSDKLoginKit (4.7.0):
    - FBSDKCoreKit
  - Kiwi (2.4.0)

DEPENDENCIES:
  - Bolts
  - FBSDKCoreKit
  - FBSDKLoginKit (from `https://gist.githubusercontent.com/nlutsenko/cf1775dcae07eca6be43/raw/58b919433be07b791dd1036249185b22ecc3de3f/FBSDKLoginKit.podspec`)
  - Kiwi (~> 2.3)

EXTERNAL SOURCES:
  FBSDKLoginKit:
    :podspec: https://gist.githubusercontent.com/nlutsenko/cf1775dcae07eca6be43/raw/58b919433be07b791dd1036249185b22ecc3de3f/FBSDKLoginKit.podspec

SPEC CHECKSUMS:
  Bolts: 8a7995239dbe724f9cba2248b766d48b7ebdd322
  FBSDKCoreKit: fc7fa53d16b095ee3fd53f0cd59f1df8bcbb634d
  FBSDKLoginKit: 8a9c0976ede0c23b3f7781d63f71738b0887b1b8
  Kiwi: f49c9d54b28917df5928fe44968a39ed198cb8a8

PODFILE CHECKSUM: 467ac6cc17b621bb9ae988bb8e7f1eb5e107fb13

COCOAPODS: 1.0.1
